
Microsoft Visual Studio Solution File, Format Version 12.00
# Visual Studio 14
VisualStudioVersion = 14.0.25420.1
MinimumVisualStudioVersion = 10.0.40219.1
Project("{FAE04EC0-301F-11D3-BF4B-00C04F79EFBC}") = "DatastructureAndAlgorithmPractice", "DatastructureAndAlgorithmPractice\DatastructureAndAlgorithmPractice.csproj", "{AA3FBC91-51B7-4152-8AA8-1350D640FD21}"
EndProject
Project("{2150E333-8FDC-42A3-9474-1A3956D46DE8}") = "LinkedList", "LinkedList", "{73A49276-FB0B-43E4-BE2D-E7C5B355A2C5}"
EndProject
Project("{FAE04EC0-301F-11D3-BF4B-00C04F79EFBC}") = "NodeChains", "NodeChains\NodeChains.csproj", "{CF411605-FA24-4062-968D-F892FCBAB7BD}"
EndProject
Global
	GlobalSection(SolutionConfigurationPlatforms) = preSolution
		Debug|Any CPU = Debug|Any CPU
		Release|Any CPU = Release|Any CPU
	EndGlobalSection
	GlobalSection(ProjectConfigurationPlatforms) = postSolution
		{AA3FBC91-51B7-4152-8AA8-1350D640FD21}.Debug|Any CPU.ActiveCfg = Debug|Any CPU
		{AA3FBC91-51B7-4152-8AA8-1350D640FD21}.Debug|Any CPU.Build.0 = Debug|Any CPU
		{AA3FBC91-51B7-4152-8AA8-1350D640FD21}.Release|Any CPU.ActiveCfg = Release|Any CPU
		{AA3FBC91-51B7-4152-8AA8-1350D640FD21}.Release|Any CPU.Build.0 = Release|Any CPU
		{CF411605-FA24-4062-968D-F892FCBAB7BD}.Debug|Any CPU.ActiveCfg = Debug|Any CPU
		{CF411605-FA24-4062-968D-F892FCBAB7BD}.Debug|Any CPU.Build.0 = Debug|Any CPU
		{CF411605-FA24-4062-968D-F892FCBAB7BD}.Release|Any CPU.ActiveCfg = Release|Any CPU
		{CF411605-FA24-4062-968D-F892FCBAB7BD}.Release|Any CPU.Build.0 = Release|Any CPU
	EndGlobalSection
	GlobalSection(SolutionProperties) = preSolution
		HideSolutionNode = FALSE
	EndGlobalSection
	GlobalSection(NestedProjects) = preSolution
		{CF411605-FA24-4062-968D-F892FCBAB7BD} = {73A49276-FB0B-43E4-BE2D-E7C5B355A2C5}
	EndGlobalSection
EndGlobal
